{
	"name": "backend",
	"version": "1.0.0",
	"lockfileVersion": 3,
	"requires": true,
	"packages": {
		"": {
			"name": "backend",
			"version": "1.0.0",
			"dependencies": {
				"@deltachat/jsonrpc-client": "^1.139.2",
				"@deltachat/stdio-rpc-server": "^1.139.2",
				"node-pty": "^1.0.0"
			},
			"devDependencies": {
				"@biomejs/biome": "1.7.3"
			}
		},
		"node_modules/@biomejs/biome": {
			"version": "1.7.3",
			"resolved": "https://registry.npmjs.org/@biomejs/biome/-/biome-1.7.3.tgz",
			"integrity": "sha512-ogFQI+fpXftr+tiahA6bIXwZ7CSikygASdqMtH07J2cUzrpjyTMVc9Y97v23c7/tL1xCZhM+W9k4hYIBm7Q6cQ==",
			"dev": true,
			"hasInstallScript": true,
			"bin": {
				"biome": "bin/biome"
			},
			"engines": {
				"node": ">=14.21.3"
			},
			"funding": {
				"type": "opencollective",
				"url": "https://opencollective.com/biome"
			},
			"optionalDependencies": {
				"@biomejs/cli-darwin-arm64": "1.7.3",
				"@biomejs/cli-darwin-x64": "1.7.3",
				"@biomejs/cli-linux-arm64": "1.7.3",
				"@biomejs/cli-linux-arm64-musl": "1.7.3",
				"@biomejs/cli-linux-x64": "1.7.3",
				"@biomejs/cli-linux-x64-musl": "1.7.3",
				"@biomejs/cli-win32-arm64": "1.7.3",
				"@biomejs/cli-win32-x64": "1.7.3"
			}
		},
		"node_modules/@biomejs/cli-darwin-arm64": {
			"version": "1.7.3",
			"resolved": "https://registry.npmjs.org/@biomejs/cli-darwin-arm64/-/cli-darwin-arm64-1.7.3.tgz",
			"integrity": "sha512-eDvLQWmGRqrPIRY7AIrkPHkQ3visEItJKkPYSHCscSDdGvKzYjmBJwG1Gu8+QC5ed6R7eiU63LEC0APFBobmfQ==",
			"cpu": [
				"arm64"
			],
			"dev": true,
			"optional": true,
			"os": [
				"darwin"
			],
			"engines": {
				"node": ">=14.21.3"
			}
		},
		"node_modules/@biomejs/cli-darwin-x64": {
			"version": "1.7.3",
			"resolved": "https://registry.npmjs.org/@biomejs/cli-darwin-x64/-/cli-darwin-x64-1.7.3.tgz",
			"integrity": "sha512-JXCaIseKRER7dIURsVlAJacnm8SG5I0RpxZ4ya3dudASYUc68WGl4+FEN03ABY3KMIq7hcK1tzsJiWlmXyosZg==",
			"cpu": [
				"x64"
			],
			"dev": true,
			"optional": true,
			"os": [
				"darwin"
			],
			"engines": {
				"node": ">=14.21.3"
			}
		},
		"node_modules/@biomejs/cli-linux-arm64": {
			"version": "1.7.3",
			"resolved": "https://registry.npmjs.org/@biomejs/cli-linux-arm64/-/cli-linux-arm64-1.7.3.tgz",
			"integrity": "sha512-phNTBpo7joDFastnmZsFjYcDYobLTx4qR4oPvc9tJ486Bd1SfEVPHEvJdNJrMwUQK56T+TRClOQd/8X1nnjA9w==",
			"cpu": [
				"arm64"
			],
			"dev": true,
			"optional": true,
			"os": [
				"linux"
			],
			"engines": {
				"node": ">=14.21.3"
			}
		},
		"node_modules/@biomejs/cli-linux-arm64-musl": {
			"version": "1.7.3",
			"resolved": "https://registry.npmjs.org/@biomejs/cli-linux-arm64-musl/-/cli-linux-arm64-musl-1.7.3.tgz",
			"integrity": "sha512-c8AlO45PNFZ1BYcwaKzdt46kYbuP6xPGuGQ6h4j3XiEDpyseRRUy/h+6gxj07XovmyxKnSX9GSZ6nVbZvcVUAw==",
			"cpu": [
				"arm64"
			],
			"dev": true,
			"optional": true,
			"os": [
				"linux"
			],
			"engines": {
				"node": ">=14.21.3"
			}
		},
		"node_modules/@biomejs/cli-linux-x64": {
			"version": "1.7.3",
			"resolved": "https://registry.npmjs.org/@biomejs/cli-linux-x64/-/cli-linux-x64-1.7.3.tgz",
			"integrity": "sha512-vnedYcd5p4keT3iD48oSKjOIRPYcjSNNbd8MO1bKo9ajg3GwQXZLAH+0Cvlr+eMsO67/HddWmscSQwTFrC/uPA==",
			"cpu": [
				"x64"
			],
			"dev": true,
			"optional": true,
			"os": [
				"linux"
			],
			"engines": {
				"node": ">=14.21.3"
			}
		},
		"node_modules/@biomejs/cli-linux-x64-musl": {
			"version": "1.7.3",
			"resolved": "https://registry.npmjs.org/@biomejs/cli-linux-x64-musl/-/cli-linux-x64-musl-1.7.3.tgz",
			"integrity": "sha512-UdEHKtYGWEX3eDmVWvQeT+z05T9/Sdt2+F/7zmMOFQ7boANeX8pcO6EkJPK3wxMudrApsNEKT26rzqK6sZRTRA==",
			"cpu": [
				"x64"
			],
			"dev": true,
			"optional": true,
			"os": [
				"linux"
			],
			"engines": {
				"node": ">=14.21.3"
			}
		},
		"node_modules/@biomejs/cli-win32-arm64": {
			"version": "1.7.3",
			"resolved": "https://registry.npmjs.org/@biomejs/cli-win32-arm64/-/cli-win32-arm64-1.7.3.tgz",
			"integrity": "sha512-unNCDqUKjujYkkSxs7gFIfdasttbDC4+z0kYmcqzRk6yWVoQBL4dNLcCbdnJS+qvVDNdI9rHp2NwpQ0WAdla4Q==",
			"cpu": [
				"arm64"
			],
			"dev": true,
			"optional": true,
			"os": [
				"win32"
			],
			"engines": {
				"node": ">=14.21.3"
			}
		},
		"node_modules/@biomejs/cli-win32-x64": {
			"version": "1.7.3",
			"resolved": "https://registry.npmjs.org/@biomejs/cli-win32-x64/-/cli-win32-x64-1.7.3.tgz",
			"integrity": "sha512-ZmByhbrnmz/UUFYB622CECwhKIPjJLLPr5zr3edhu04LzbfcOrz16VYeNq5dpO1ADG70FORhAJkaIGdaVBG00w==",
			"cpu": [
				"x64"
			],
			"dev": true,
			"optional": true,
			"os": [
				"win32"
			],
			"engines": {
				"node": ">=14.21.3"
			}
		},
		"node_modules/@deltachat/jsonrpc-client": {
			"version": "1.139.6",
			"resolved": "https://registry.npmjs.org/@deltachat/jsonrpc-client/-/jsonrpc-client-1.139.6.tgz",
			"integrity": "sha512-sifyr306J3dJxkNMweR8k4qL2tkkS38fzposjqTq62P0Ewm6E5BVM7PVG/FdiPk0EEmE40lS5Rb8ycJrX4PiqQ==",
			"dependencies": {
				"@deltachat/tiny-emitter": "3.0.0",
				"isomorphic-ws": "^4.0.1",
				"yerpc": "^0.4.3"
			}
		},
		"node_modules/@deltachat/stdio-rpc-server": {
			"version": "1.139.6",
			"resolved": "https://registry.npmjs.org/@deltachat/stdio-rpc-server/-/stdio-rpc-server-1.139.6.tgz",
			"integrity": "sha512-SjGFtZ54XI6Ym0FOQ1v2qFSoXzgKuZFBwQm0VItRRHlnL6tLSuDUYS1wKHNxX4ZA/UH3Af9QzGULCN1zqqvfhQ==",
			"optionalDependencies": {
				"@deltachat/stdio-rpc-server-android-arm": "1.139.6",
				"@deltachat/stdio-rpc-server-android-arm64": "1.139.6",
				"@deltachat/stdio-rpc-server-darwin-arm64": "1.139.6",
				"@deltachat/stdio-rpc-server-darwin-x64": "1.139.6",
				"@deltachat/stdio-rpc-server-linux-arm": "1.139.6",
				"@deltachat/stdio-rpc-server-linux-arm64": "1.139.6",
				"@deltachat/stdio-rpc-server-linux-ia32": "1.139.6",
				"@deltachat/stdio-rpc-server-linux-x64": "1.139.6",
				"@deltachat/stdio-rpc-server-win32-ia32": "1.139.6",
				"@deltachat/stdio-rpc-server-win32-x64": "1.139.6"
			},
			"peerDependencies": {
				"@deltachat/jsonrpc-client": "*"
			}
		},
		"node_modules/@deltachat/stdio-rpc-server-android-arm": {
			"version": "1.139.6",
			"resolved": "https://registry.npmjs.org/@deltachat/stdio-rpc-server-android-arm/-/stdio-rpc-server-android-arm-1.139.6.tgz",
			"integrity": "sha512-Rk/uZ+pTe7gcE9egulv27+o60Xa5y+VDKqaBwupFlZ0qOn0tpbfiFfn1sptXPVugYEhPpY68OCXWZOch3iJ2+Q==",
			"cpu": [
				"arm"
			],
			"optional": true,
			"os": [
				"android"
			]
		},
		"node_modules/@deltachat/stdio-rpc-server-android-arm64": {
			"version": "1.139.6",
			"resolved": "https://registry.npmjs.org/@deltachat/stdio-rpc-server-android-arm64/-/stdio-rpc-server-android-arm64-1.139.6.tgz",
			"integrity": "sha512-02lMzEkBhGkklgaJSqNl0vru/XFKt4RcVBPsYFPWoIZGCOafL50Ffnh4MQ1D0deFoGSs59ebyALloUgAJcfQng==",
			"cpu": [
				"arm64"
			],
			"optional": true,
			"os": [
				"android"
			]
		},
		"node_modules/@deltachat/stdio-rpc-server-darwin-arm64": {
			"version": "1.139.6",
			"resolved": "https://registry.npmjs.org/@deltachat/stdio-rpc-server-darwin-arm64/-/stdio-rpc-server-darwin-arm64-1.139.6.tgz",
			"integrity": "sha512-3lWku1RLEDkpjKb9KVjzKsg5lvHlD/AUBDlVNaZQKs2U8mqnrNtJOU+JF5kpvm4sUBPrcFxQC2AHWLDWLCeDyg==",
			"cpu": [
				"arm64"
			],
			"optional": true,
			"os": [
				"darwin"
			]
		},
		"node_modules/@deltachat/stdio-rpc-server-darwin-x64": {
			"version": "1.139.6",
			"resolved": "https://registry.npmjs.org/@deltachat/stdio-rpc-server-darwin-x64/-/stdio-rpc-server-darwin-x64-1.139.6.tgz",
			"integrity": "sha512-TzyH9EGM4GerR6RSfoSlV+dPcDsfj4ro4MaWjueKBm/v2P9gD1V/kYQQAdxBMorFB7/qoDfhFMy4Y1hFrsr6qA==",
			"cpu": [
				"x64"
			],
			"optional": true,
			"os": [
				"darwin"
			]
		},
		"node_modules/@deltachat/stdio-rpc-server-linux-arm": {
			"version": "1.139.6",
			"resolved": "https://registry.npmjs.org/@deltachat/stdio-rpc-server-linux-arm/-/stdio-rpc-server-linux-arm-1.139.6.tgz",
			"integrity": "sha512-wjOkZq5Jq8fGCDRKkEhhvw6UTIz78xQCZzterfl3TiNFkG6+q24fpYnWkg4diS2+aOIBdRklHgDMqAyptkpiEQ==",
			"cpu": [
				"arm"
			],
			"optional": true,
			"os": [
				"linux"
			]
		},
		"node_modules/@deltachat/stdio-rpc-server-linux-arm64": {
			"version": "1.139.6",
			"resolved": "https://registry.npmjs.org/@deltachat/stdio-rpc-server-linux-arm64/-/stdio-rpc-server-linux-arm64-1.139.6.tgz",
			"integrity": "sha512-Eb42h0fVvKjB6TAtH6dZ2vXPZJZ3zGc79atF3xkiAVAwYJ5z+t71fLv36WpgbTj67SWihzOisQphvz9n8SiLiA==",
			"cpu": [
				"arm64"
			],
			"optional": true,
			"os": [
				"linux"
			]
		},
		"node_modules/@deltachat/stdio-rpc-server-linux-ia32": {
			"version": "1.139.6",
			"resolved": "https://registry.npmjs.org/@deltachat/stdio-rpc-server-linux-ia32/-/stdio-rpc-server-linux-ia32-1.139.6.tgz",
			"integrity": "sha512-cEABwb/5gwWN9NrDm2pj66mvVod5xYQoRpsPRQSkb6E9sdw6hMyxozKArDJ4vif/usNAtt9fDAyBeTfLD6FjJQ==",
			"cpu": [
				"ia32"
			],
			"optional": true,
			"os": [
				"linux"
			]
		},
		"node_modules/@deltachat/stdio-rpc-server-linux-x64": {
			"version": "1.139.6",
			"resolved": "https://registry.npmjs.org/@deltachat/stdio-rpc-server-linux-x64/-/stdio-rpc-server-linux-x64-1.139.6.tgz",
			"integrity": "sha512-kuO3zXEc8eMMJj/qf0jNhiiV9KA3aWyaNZGVVo+aialv0vMBjZwLo8653pnnG1lV06hvT9Qu/OINmZrL9aBWFA==",
			"cpu": [
				"x64"
			],
			"optional": true,
			"os": [
				"linux"
			]
		},
		"node_modules/@deltachat/stdio-rpc-server-win32-ia32": {
			"version": "1.139.6",
			"resolved": "https://registry.npmjs.org/@deltachat/stdio-rpc-server-win32-ia32/-/stdio-rpc-server-win32-ia32-1.139.6.tgz",
			"integrity": "sha512-iZ/VvZcNxyifnyzr91+Icmsr6gjPzqQV8hjcxgCw6meRh6V2FyYZaSRue123/yUv+zLc5pUPuCr1InxuHUqacQ==",
			"cpu": [
				"ia32"
			],
			"optional": true,
			"os": [
				"win32"
			]
		},
		"node_modules/@deltachat/stdio-rpc-server-win32-x64": {
			"version": "1.139.6",
			"resolved": "https://registry.npmjs.org/@deltachat/stdio-rpc-server-win32-x64/-/stdio-rpc-server-win32-x64-1.139.6.tgz",
			"integrity": "sha512-94fDGcxYmnU3FHEtCYC0mMmO6nn/qfhN3PgEC045n/mH+m99cW0JXMW+V76LvrGT1Zu8QEwi6Jyv4SoZ/xMwUQ==",
			"cpu": [
				"x64"
			],
			"optional": true,
			"os": [
				"win32"
			]
		},
		"node_modules/@deltachat/tiny-emitter": {
			"version": "3.0.0",
			"resolved": "https://registry.npmjs.org/@deltachat/tiny-emitter/-/tiny-emitter-3.0.0.tgz",
			"integrity": "sha512-iapvwGCEWFjXtObQ/vNzXS0+M9hrZrY2tMdV7SaX8kHXKVm3oIuJUVmUj5jhABTL7GstO6uKzV+36FUZVGOqCA=="
		},
		"node_modules/@types/node": {
			"version": "20.12.12",
			"resolved": "https://registry.npmjs.org/@types/node/-/node-20.12.12.tgz",
			"integrity": "sha512-eWLDGF/FOSPtAvEqeRAQ4C8LSA7M1I7i0ky1I8U7kD1J5ITyW3AsRhQrKVoWf5pFKZ2kILsEGJhsI9r93PYnOw==",
			"dependencies": {
				"undici-types": "~5.26.4"
			}
		},
		"node_modules/@types/ws": {
			"version": "8.5.10",
			"resolved": "https://registry.npmjs.org/@types/ws/-/ws-8.5.10.tgz",
			"integrity": "sha512-vmQSUcfalpIq0R9q7uTo2lXs6eGIpt9wtnLdMv9LVpIjCA/+ufZRozlVoVelIYixx1ugCBKDhn89vnsEGOCx9A==",
			"dependencies": {
				"@types/node": "*"
			}
		},
		"node_modules/isomorphic-ws": {
			"version": "4.0.1",
			"resolved": "https://registry.npmjs.org/isomorphic-ws/-/isomorphic-ws-4.0.1.tgz",
			"integrity": "sha512-BhBvN2MBpWTaSHdWRb/bwdZJ1WaehQ2L1KngkCkfLUGF0mAWAT1sQUQacEmQ0jXkFw/czDXPNQSL5u2/Krsz1w==",
			"peerDependencies": {
				"ws": "*"
			}
		},
		"node_modules/nan": {
			"version": "2.19.0",
			"resolved": "https://registry.npmjs.org/nan/-/nan-2.19.0.tgz",
			"integrity": "sha512-nO1xXxfh/RWNxfd/XPfbIfFk5vgLsAxUR9y5O0cHMJu/AW9U95JLXqthYHjEp+8gQ5p96K9jUp8nbVOxCdRbtw=="
		},
		"node_modules/node-pty": {
			"version": "1.0.0",
			"resolved": "https://registry.npmjs.org/node-pty/-/node-pty-1.0.0.tgz",
			"integrity": "sha512-wtBMWWS7dFZm/VgqElrTvtfMq4GzJ6+edFI0Y0zyzygUSZMgZdraDUMUhCIvkjhJjme15qWmbyJbtAx4ot4uZA==",
			"hasInstallScript": true,
			"dependencies": {
				"nan": "^2.17.0"
			}
		},
		"node_modules/typescript": {
			"version": "4.9.5",
			"resolved": "https://registry.npmjs.org/typescript/-/typescript-4.9.5.tgz",
			"integrity": "sha512-1FXk9E2Hm+QzZQ7z+McJiHL4NW1F2EzMu9Nq9i3zAaGqibafqYwCVU6WyWAuyQRRzOlxou8xZSyXLEN8oKj24g==",
			"bin": {
				"tsc": "bin/tsc",
				"tsserver": "bin/tsserver"
			},
			"engines": {
				"node": ">=4.2.0"
			}
		},
		"node_modules/undici-types": {
			"version": "5.26.5",
			"resolved": "https://registry.npmjs.org/undici-types/-/undici-types-5.26.5.tgz",
			"integrity": "sha512-JlCMO+ehdEIKqlFxk6IfVoAUVmgz7cU7zD/h9XZ0qzeosSHmUJVOzSQvvYSYWXkFXC+IfLKSIffhv0sVZup6pA=="
		},
		"node_modules/ws": {
			"version": "8.17.0",
			"resolved": "https://registry.npmjs.org/ws/-/ws-8.17.0.tgz",
			"integrity": "sha512-uJq6108EgZMAl20KagGkzCKfMEjxmKvZHG7Tlq0Z6nOky7YF7aq4mOx6xK8TJ/i1LeK4Qus7INktacctDgY8Ow==",
			"engines": {
				"node": ">=10.0.0"
			},
			"peerDependencies": {
				"bufferutil": "^4.0.1",
				"utf-8-validate": ">=5.0.2"
			},
			"peerDependenciesMeta": {
				"bufferutil": {
					"optional": true
				},
				"utf-8-validate": {
					"optional": true
				}
			}
		},
		"node_modules/yerpc": {
			"version": "0.4.3",
			"resolved": "https://registry.npmjs.org/yerpc/-/yerpc-0.4.3.tgz",
			"integrity": "sha512-hV3Ker36ZnxNnWv0FiJ53vQCQBdxKlS5Tid1lQqrnylXKffgKHfoY5U/XpeGDjfeK6e7zdwQOgU9oUbnTxkcew==",
			"dependencies": {
				"@types/ws": "^8.2.2",
				"isomorphic-ws": "^4.0.1",
				"typescript": "^4.6.3"
			},
			"optionalDependencies": {
				"ws": "^8.5.0"
			}
		}
	}
}
