{
  "name": "backend",
  "version": "1.0.0",
  "lockfileVersion": 3,
  "requires": true,
  "packages": {
    "": {
      "name": "backend",
      "version": "1.0.0",
      "dependencies": {
        "@deltachat/jsonrpc-client": "^1.139.2",
        "@deltachat/stdio-rpc-server": "^1.139.2",
        "node-pty": "^1.0.0"
      },
      "devDependencies": {
        "@biomejs/biome": "1.7.3"
      }
    },
    "node_modules/@biomejs/biome": {
      "version": "1.7.3",
      "resolved": "https://registry.npmjs.org/@biomejs/biome/-/biome-1.7.3.tgz",
      "integrity": "sha512-ogFQI+fpXftr+tiahA6bIXwZ7CSikygASdqMtH07J2cUzrpjyTMVc9Y97v23c7/tL1xCZhM+W9k4hYIBm7Q6cQ==",
      "dev": true,
      "hasInstallScript": true,
      "bin": {
        "biome": "bin/biome"
      },
      "engines": {
        "node": ">=14.21.3"
      },
      "funding": {
        "type": "opencollective",
        "url": "https://opencollective.com/biome"
      },
      "optionalDependencies": {
        "@biomejs/cli-darwin-arm64": "1.7.3",
        "@biomejs/cli-darwin-x64": "1.7.3",
        "@biomejs/cli-linux-arm64": "1.7.3",
        "@biomejs/cli-linux-arm64-musl": "1.7.3",
        "@biomejs/cli-linux-x64": "1.7.3",
        "@biomejs/cli-linux-x64-musl": "1.7.3",
        "@biomejs/cli-win32-arm64": "1.7.3",
        "@biomejs/cli-win32-x64": "1.7.3"
      }
    },
    "node_modules/@biomejs/cli-darwin-arm64": {
      "version": "1.7.3",
      "resolved": "https://registry.npmjs.org/@biomejs/cli-darwin-arm64/-/cli-darwin-arm64-1.7.3.tgz",
      "integrity": "sha512-eDvLQWmGRqrPIRY7AIrkPHkQ3visEItJKkPYSHCscSDdGvKzYjmBJwG1Gu8+QC5ed6R7eiU63LEC0APFBobmfQ==",
      "cpu": [
        "arm64"
      ],
      "dev": true,
      "optional": true,
      "os": [
        "darwin"
      ],
      "engines": {
        "node": ">=14.21.3"
      }
    },
    "node_modules/@biomejs/cli-darwin-x64": {
      "version": "1.7.3",
      "resolved": "https://registry.npmjs.org/@biomejs/cli-darwin-x64/-/cli-darwin-x64-1.7.3.tgz",
      "integrity": "sha512-JXCaIseKRER7dIURsVlAJacnm8SG5I0RpxZ4ya3dudASYUc68WGl4+FEN03ABY3KMIq7hcK1tzsJiWlmXyosZg==",
      "cpu": [
        "x64"
      ],
      "dev": true,
      "optional": true,
      "os": [
        "darwin"
      ],
      "engines": {
        "node": ">=14.21.3"
      }
    },
    "node_modules/@biomejs/cli-linux-arm64": {
      "version": "1.7.3",
      "resolved": "https://registry.npmjs.org/@biomejs/cli-linux-arm64/-/cli-linux-arm64-1.7.3.tgz",
      "integrity": "sha512-phNTBpo7joDFastnmZsFjYcDYobLTx4qR4oPvc9tJ486Bd1SfEVPHEvJdNJrMwUQK56T+TRClOQd/8X1nnjA9w==",
      "cpu": [
        "arm64"
      ],
      "dev": true,
      "optional": true,
      "os": [
        "linux"
      ],
      "engines": {
        "node": ">=14.21.3"
      }
    },
    "node_modules/@biomejs/cli-linux-arm64-musl": {
      "version": "1.7.3",
      "resolved": "https://registry.npmjs.org/@biomejs/cli-linux-arm64-musl/-/cli-linux-arm64-musl-1.7.3.tgz",
      "integrity": "sha512-c8AlO45PNFZ1BYcwaKzdt46kYbuP6xPGuGQ6h4j3XiEDpyseRRUy/h+6gxj07XovmyxKnSX9GSZ6nVbZvcVUAw==",
      "cpu": [
        "arm64"
      ],
      "dev": true,
      "optional": true,
      "os": [
        "linux"
      ],
      "engines": {
        "node": ">=14.21.3"
      }
    },
    "node_modules/@biomejs/cli-linux-x64": {
      "version": "1.7.3",
      "resolved": "https://registry.npmjs.org/@biomejs/cli-linux-x64/-/cli-linux-x64-1.7.3.tgz",
      "integrity": "sha512-vnedYcd5p4keT3iD48oSKjOIRPYcjSNNbd8MO1bKo9ajg3GwQXZLAH+0Cvlr+eMsO67/HddWmscSQwTFrC/uPA==",
      "cpu": [
        "x64"
      ],
      "dev": true,
      "optional": true,
      "os": [
        "linux"
      ],
      "engines": {
        "node": ">=14.21.3"
      }
    },
    "node_modules/@biomejs/cli-linux-x64-musl": {
      "version": "1.7.3",
      "resolved": "https://registry.npmjs.org/@biomejs/cli-linux-x64-musl/-/cli-linux-x64-musl-1.7.3.tgz",
      "integrity": "sha512-UdEHKtYGWEX3eDmVWvQeT+z05T9/Sdt2+F/7zmMOFQ7boANeX8pcO6EkJPK3wxMudrApsNEKT26rzqK6sZRTRA==",
      "cpu": [
        "x64"
      ],
      "dev": true,
      "optional": true,
      "os": [
        "linux"
      ],
      "engines": {
        "node": ">=14.21.3"
      }
    },
    "node_modules/@biomejs/cli-win32-arm64": {
      "version": "1.7.3",
      "resolved": "https://registry.npmjs.org/@biomejs/cli-win32-arm64/-/cli-win32-arm64-1.7.3.tgz",
      "integrity": "sha512-unNCDqUKjujYkkSxs7gFIfdasttbDC4+z0kYmcqzRk6yWVoQBL4dNLcCbdnJS+qvVDNdI9rHp2NwpQ0WAdla4Q==",
      "cpu": [
        "arm64"
      ],
      "dev": true,
      "optional": true,
      "os": [
        "win32"
      ],
      "engines": {
        "node": ">=14.21.3"
      }
    },
    "node_modules/@biomejs/cli-win32-x64": {
      "version": "1.7.3",
      "resolved": "https://registry.npmjs.org/@biomejs/cli-win32-x64/-/cli-win32-x64-1.7.3.tgz",
      "integrity": "sha512-ZmByhbrnmz/UUFYB622CECwhKIPjJLLPr5zr3edhu04LzbfcOrz16VYeNq5dpO1ADG70FORhAJkaIGdaVBG00w==",
      "cpu": [
        "x64"
      ],
      "dev": true,
      "optional": true,
      "os": [
        "win32"
      ],
      "engines": {
        "node": ">=14.21.3"
      }
    },
    "node_modules/@deltachat/jsonrpc-client": {
      "version": "1.140.0",
      "resolved": "https://registry.npmjs.org/@deltachat/jsonrpc-client/-/jsonrpc-client-1.140.0.tgz",
      "integrity": "sha512-49VDu0bYvAAgGARVW2EOuX9gSoEeL2ZTJTrAEHPnJChrKFQnHYt/mr9lhJUbexka6djTvuLP2h7vfQZE22emaQ==",
      "dependencies": {
        "@deltachat/tiny-emitter": "3.0.0",
        "isomorphic-ws": "^4.0.1",
        "yerpc": "^0.4.3"
      }
    },
    "node_modules/@deltachat/stdio-rpc-server": {
      "version": "1.140.0",
      "resolved": "https://registry.npmjs.org/@deltachat/stdio-rpc-server/-/stdio-rpc-server-1.140.0.tgz",
      "integrity": "sha512-58fF8T3N8Y1GuSKAioSuK1SEXvY0RFwiM1FROj57BexwyW+aJbzmZ7k9NF7ZNrmmlZCh0UZlepvzX8zt+7exfg==",
      "optionalDependencies": {
        "@deltachat/stdio-rpc-server-android-arm": "1.140.0",
        "@deltachat/stdio-rpc-server-android-arm64": "1.140.0",
        "@deltachat/stdio-rpc-server-darwin-arm64": "1.140.0",
        "@deltachat/stdio-rpc-server-darwin-x64": "1.140.0",
        "@deltachat/stdio-rpc-server-linux-arm": "1.140.0",
        "@deltachat/stdio-rpc-server-linux-arm64": "1.140.0",
        "@deltachat/stdio-rpc-server-linux-ia32": "1.140.0",
        "@deltachat/stdio-rpc-server-linux-x64": "1.140.0",
        "@deltachat/stdio-rpc-server-win32-ia32": "1.140.0",
        "@deltachat/stdio-rpc-server-win32-x64": "1.140.0"
      },
      "peerDependencies": {
        "@deltachat/jsonrpc-client": "*"
      }
    },
    "node_modules/@deltachat/stdio-rpc-server-android-arm": {
      "version": "1.140.0",
      "resolved": "https://registry.npmjs.org/@deltachat/stdio-rpc-server-android-arm/-/stdio-rpc-server-android-arm-1.140.0.tgz",
      "integrity": "sha512-lIb+2S7p9VUqH0rWk47U7QCJ3/Tuj1k0Sv32YQ4/rrGw54FEcZaejgVOn6ZjrHKHycvk31PyBuPD8ArDGgPOiQ==",
      "cpu": [
        "arm"
      ],
      "optional": true,
      "os": [
        "android"
      ]
    },
    "node_modules/@deltachat/stdio-rpc-server-android-arm64": {
      "version": "1.140.0",
      "resolved": "https://registry.npmjs.org/@deltachat/stdio-rpc-server-android-arm64/-/stdio-rpc-server-android-arm64-1.140.0.tgz",
      "integrity": "sha512-BxACOYRPnoDZjo4NFDvHoISGSMagqhgpcaESE0RCGmEYkeJrXsrdf0cfnLpJEJrTSE1u0/g0vCiynp1e5uiRMA==",
      "cpu": [
        "arm64"
      ],
      "optional": true,
      "os": [
        "android"
      ]
    },
    "node_modules/@deltachat/stdio-rpc-server-darwin-arm64": {
      "version": "1.140.0",
      "resolved": "https://registry.npmjs.org/@deltachat/stdio-rpc-server-darwin-arm64/-/stdio-rpc-server-darwin-arm64-1.140.0.tgz",
      "integrity": "sha512-EnrgR/AbmDI8VVOW8HM9sBaLAwW/ekZfBTDUJiD0fbgwDo+y6//Bco1o9JztrWiJtVZJajVe8E3/ZQAjBWsLPA==",
      "cpu": [
        "arm64"
      ],
      "optional": true,
      "os": [
        "darwin"
      ]
    },
    "node_modules/@deltachat/stdio-rpc-server-darwin-x64": {
      "version": "1.140.0",
      "resolved": "https://registry.npmjs.org/@deltachat/stdio-rpc-server-darwin-x64/-/stdio-rpc-server-darwin-x64-1.140.0.tgz",
      "integrity": "sha512-bfVYQxahwf79FpqO5M7IVTOrLnefjMkQUPhWahUVIDV/K1Tum2mNlEJUTvrduxgw6uJcrDKwuuZypO3Cr6+2pQ==",
      "cpu": [
        "x64"
      ],
      "optional": true,
      "os": [
        "darwin"
      ]
    },
    "node_modules/@deltachat/stdio-rpc-server-linux-arm": {
      "version": "1.140.0",
      "resolved": "https://registry.npmjs.org/@deltachat/stdio-rpc-server-linux-arm/-/stdio-rpc-server-linux-arm-1.140.0.tgz",
      "integrity": "sha512-MSmt+D5tlh3e9q1xQxYqJDE175NmgSe5hRSqIk1FXWSD00Kr9jWIybl3Tu73ww9O4POAPDRV8TtXbQWedRO+mg==",
      "cpu": [
        "arm"
      ],
      "optional": true,
      "os": [
        "linux"
      ]
    },
    "node_modules/@deltachat/stdio-rpc-server-linux-arm64": {
      "version": "1.140.0",
      "resolved": "https://registry.npmjs.org/@deltachat/stdio-rpc-server-linux-arm64/-/stdio-rpc-server-linux-arm64-1.140.0.tgz",
      "integrity": "sha512-8bQJcGSSBHH7rYuRUuy+9gLHWGckehpi5c3OhMIyRJkun3kPXsIoByMx4ShpTKbQ5Ozv9CId1+zOQoZWF6UOmw==",
      "cpu": [
        "arm64"
      ],
      "optional": true,
      "os": [
        "linux"
      ]
    },
    "node_modules/@deltachat/stdio-rpc-server-linux-ia32": {
      "version": "1.140.0",
      "resolved": "https://registry.npmjs.org/@deltachat/stdio-rpc-server-linux-ia32/-/stdio-rpc-server-linux-ia32-1.140.0.tgz",
      "integrity": "sha512-Z/4zMHuTz/PW5BQsTJ1MxwWrkpXB+ilcyAh+fpmE05llj47Am7LElZHmhGgJxddNcM91ZEDAoPpUZhG/6hBvnA==",
      "cpu": [
        "ia32"
      ],
      "optional": true,
      "os": [
        "linux"
      ]
    },
    "node_modules/@deltachat/stdio-rpc-server-linux-x64": {
      "version": "1.140.0",
      "resolved": "https://registry.npmjs.org/@deltachat/stdio-rpc-server-linux-x64/-/stdio-rpc-server-linux-x64-1.140.0.tgz",
      "integrity": "sha512-dPwBIpCVy+SSwVeC2aqSDrAeuynT/M2CyO8lBnhXg4s3vkyoau2n8ZPoHIyemDReInh4nuw9tkDq/S51BvyeLg==",
      "cpu": [
        "x64"
      ],
      "optional": true,
      "os": [
        "linux"
      ]
    },
    "node_modules/@deltachat/stdio-rpc-server-win32-ia32": {
      "version": "1.140.0",
      "resolved": "https://registry.npmjs.org/@deltachat/stdio-rpc-server-win32-ia32/-/stdio-rpc-server-win32-ia32-1.140.0.tgz",
      "integrity": "sha512-ykVrMZj8C0cfpB9wwJUWhXtXcxPCSp2x6CgeyjyMYQbqSMsbL5GSiBilz1O4GzUfJL9k7AvlJrYgyHUZRUUnjw==",
      "cpu": [
        "ia32"
      ],
      "optional": true,
      "os": [
        "win32"
      ]
    },
    "node_modules/@deltachat/stdio-rpc-server-win32-x64": {
      "version": "1.140.0",
      "resolved": "https://registry.npmjs.org/@deltachat/stdio-rpc-server-win32-x64/-/stdio-rpc-server-win32-x64-1.140.0.tgz",
      "integrity": "sha512-DPImYnBknLnOahlUsL2p+uGGNBFYPbinQZwdu/yeASBZ9hvW1bxIYE8O/RnfRB2ZdbIhLszfR9lJwcN4toY5cw==",
      "cpu": [
        "x64"
      ],
      "optional": true,
      "os": [
        "win32"
      ]
    },
    "node_modules/@deltachat/tiny-emitter": {
      "version": "3.0.0",
      "resolved": "https://registry.npmjs.org/@deltachat/tiny-emitter/-/tiny-emitter-3.0.0.tgz",
      "integrity": "sha512-iapvwGCEWFjXtObQ/vNzXS0+M9hrZrY2tMdV7SaX8kHXKVm3oIuJUVmUj5jhABTL7GstO6uKzV+36FUZVGOqCA=="
    },
    "node_modules/@types/node": {
      "version": "20.14.2",
      "resolved": "https://registry.npmjs.org/@types/node/-/node-20.14.2.tgz",
      "integrity": "sha512-xyu6WAMVwv6AKFLB+e/7ySZVr/0zLCzOa7rSpq6jNwpqOrUbcACDWC+53d4n2QHOnDou0fbIsg8wZu/sxrnI4Q==",
      "dependencies": {
        "undici-types": "~5.26.4"
      }
    },
    "node_modules/@types/ws": {
      "version": "8.5.10",
      "resolved": "https://registry.npmjs.org/@types/ws/-/ws-8.5.10.tgz",
      "integrity": "sha512-vmQSUcfalpIq0R9q7uTo2lXs6eGIpt9wtnLdMv9LVpIjCA/+ufZRozlVoVelIYixx1ugCBKDhn89vnsEGOCx9A==",
      "dependencies": {
        "@types/node": "*"
      }
    },
    "node_modules/isomorphic-ws": {
      "version": "4.0.1",
      "resolved": "https://registry.npmjs.org/isomorphic-ws/-/isomorphic-ws-4.0.1.tgz",
      "integrity": "sha512-BhBvN2MBpWTaSHdWRb/bwdZJ1WaehQ2L1KngkCkfLUGF0mAWAT1sQUQacEmQ0jXkFw/czDXPNQSL5u2/Krsz1w==",
      "peerDependencies": {
        "ws": "*"
      }
    },
    "node_modules/nan": {
      "version": "2.19.0",
      "resolved": "https://registry.npmjs.org/nan/-/nan-2.19.0.tgz",
      "integrity": "sha512-nO1xXxfh/RWNxfd/XPfbIfFk5vgLsAxUR9y5O0cHMJu/AW9U95JLXqthYHjEp+8gQ5p96K9jUp8nbVOxCdRbtw=="
    },
    "node_modules/node-pty": {
      "version": "1.0.0",
      "resolved": "https://registry.npmjs.org/node-pty/-/node-pty-1.0.0.tgz",
      "integrity": "sha512-wtBMWWS7dFZm/VgqElrTvtfMq4GzJ6+edFI0Y0zyzygUSZMgZdraDUMUhCIvkjhJjme15qWmbyJbtAx4ot4uZA==",
      "hasInstallScript": true,
      "dependencies": {
        "nan": "^2.17.0"
      }
    },
    "node_modules/typescript": {
      "version": "4.9.5",
      "resolved": "https://registry.npmjs.org/typescript/-/typescript-4.9.5.tgz",
      "integrity": "sha512-1FXk9E2Hm+QzZQ7z+McJiHL4NW1F2EzMu9Nq9i3zAaGqibafqYwCVU6WyWAuyQRRzOlxou8xZSyXLEN8oKj24g==",
      "bin": {
        "tsc": "bin/tsc",
        "tsserver": "bin/tsserver"
      },
      "engines": {
        "node": ">=4.2.0"
      }
    },
    "node_modules/undici-types": {
      "version": "5.26.5",
      "resolved": "https://registry.npmjs.org/undici-types/-/undici-types-5.26.5.tgz",
      "integrity": "sha512-JlCMO+ehdEIKqlFxk6IfVoAUVmgz7cU7zD/h9XZ0qzeosSHmUJVOzSQvvYSYWXkFXC+IfLKSIffhv0sVZup6pA=="
    },
    "node_modules/ws": {
      "version": "8.17.0",
      "resolved": "https://registry.npmjs.org/ws/-/ws-8.17.0.tgz",
      "integrity": "sha512-uJq6108EgZMAl20KagGkzCKfMEjxmKvZHG7Tlq0Z6nOky7YF7aq4mOx6xK8TJ/i1LeK4Qus7INktacctDgY8Ow==",
      "engines": {
        "node": ">=10.0.0"
      },
      "peerDependencies": {
        "bufferutil": "^4.0.1",
        "utf-8-validate": ">=5.0.2"
      },
      "peerDependenciesMeta": {
        "bufferutil": {
          "optional": true
        },
        "utf-8-validate": {
          "optional": true
        }
      }
    },
    "node_modules/yerpc": {
      "version": "0.4.3",
      "resolved": "https://registry.npmjs.org/yerpc/-/yerpc-0.4.3.tgz",
      "integrity": "sha512-hV3Ker36ZnxNnWv0FiJ53vQCQBdxKlS5Tid1lQqrnylXKffgKHfoY5U/XpeGDjfeK6e7zdwQOgU9oUbnTxkcew==",
      "dependencies": {
        "@types/ws": "^8.2.2",
        "isomorphic-ws": "^4.0.1",
        "typescript": "^4.6.3"
      },
      "optionalDependencies": {
        "ws": "^8.5.0"
      }
    }
  }
}
