{
  "name": "backend",
  "version": "1.0.0",
  "lockfileVersion": 3,
  "requires": true,
  "packages": {
    "": {
      "name": "backend",
      "version": "1.0.0",
      "dependencies": {
        "@deltachat/jsonrpc-client": "^1.149.0",
        "@deltachat/stdio-rpc-server": "^1.149.0",
        "node-pty": "^1.0.0"
      },
      "devDependencies": {
        "@biomejs/biome": "1.7.3"
      }
    },
    "node_modules/@biomejs/biome": {
      "version": "1.7.3",
      "resolved": "https://registry.npmjs.org/@biomejs/biome/-/biome-1.7.3.tgz",
      "integrity": "sha512-ogFQI+fpXftr+tiahA6bIXwZ7CSikygASdqMtH07J2cUzrpjyTMVc9Y97v23c7/tL1xCZhM+W9k4hYIBm7Q6cQ==",
      "dev": true,
      "hasInstallScript": true,
      "bin": {
        "biome": "bin/biome"
      },
      "engines": {
        "node": ">=14.21.3"
      },
      "funding": {
        "type": "opencollective",
        "url": "https://opencollective.com/biome"
      },
      "optionalDependencies": {
        "@biomejs/cli-darwin-arm64": "1.7.3",
        "@biomejs/cli-darwin-x64": "1.7.3",
        "@biomejs/cli-linux-arm64": "1.7.3",
        "@biomejs/cli-linux-arm64-musl": "1.7.3",
        "@biomejs/cli-linux-x64": "1.7.3",
        "@biomejs/cli-linux-x64-musl": "1.7.3",
        "@biomejs/cli-win32-arm64": "1.7.3",
        "@biomejs/cli-win32-x64": "1.7.3"
      }
    },
    "node_modules/@biomejs/cli-darwin-arm64": {
      "version": "1.7.3",
      "resolved": "https://registry.npmjs.org/@biomejs/cli-darwin-arm64/-/cli-darwin-arm64-1.7.3.tgz",
      "integrity": "sha512-eDvLQWmGRqrPIRY7AIrkPHkQ3visEItJKkPYSHCscSDdGvKzYjmBJwG1Gu8+QC5ed6R7eiU63LEC0APFBobmfQ==",
      "cpu": [
        "arm64"
      ],
      "dev": true,
      "optional": true,
      "os": [
        "darwin"
      ],
      "engines": {
        "node": ">=14.21.3"
      }
    },
    "node_modules/@biomejs/cli-darwin-x64": {
      "version": "1.7.3",
      "resolved": "https://registry.npmjs.org/@biomejs/cli-darwin-x64/-/cli-darwin-x64-1.7.3.tgz",
      "integrity": "sha512-JXCaIseKRER7dIURsVlAJacnm8SG5I0RpxZ4ya3dudASYUc68WGl4+FEN03ABY3KMIq7hcK1tzsJiWlmXyosZg==",
      "cpu": [
        "x64"
      ],
      "dev": true,
      "optional": true,
      "os": [
        "darwin"
      ],
      "engines": {
        "node": ">=14.21.3"
      }
    },
    "node_modules/@biomejs/cli-linux-arm64": {
      "version": "1.7.3",
      "resolved": "https://registry.npmjs.org/@biomejs/cli-linux-arm64/-/cli-linux-arm64-1.7.3.tgz",
      "integrity": "sha512-phNTBpo7joDFastnmZsFjYcDYobLTx4qR4oPvc9tJ486Bd1SfEVPHEvJdNJrMwUQK56T+TRClOQd/8X1nnjA9w==",
      "cpu": [
        "arm64"
      ],
      "dev": true,
      "optional": true,
      "os": [
        "linux"
      ],
      "engines": {
        "node": ">=14.21.3"
      }
    },
    "node_modules/@biomejs/cli-linux-arm64-musl": {
      "version": "1.7.3",
      "resolved": "https://registry.npmjs.org/@biomejs/cli-linux-arm64-musl/-/cli-linux-arm64-musl-1.7.3.tgz",
      "integrity": "sha512-c8AlO45PNFZ1BYcwaKzdt46kYbuP6xPGuGQ6h4j3XiEDpyseRRUy/h+6gxj07XovmyxKnSX9GSZ6nVbZvcVUAw==",
      "cpu": [
        "arm64"
      ],
      "dev": true,
      "optional": true,
      "os": [
        "linux"
      ],
      "engines": {
        "node": ">=14.21.3"
      }
    },
    "node_modules/@biomejs/cli-linux-x64": {
      "version": "1.7.3",
      "resolved": "https://registry.npmjs.org/@biomejs/cli-linux-x64/-/cli-linux-x64-1.7.3.tgz",
      "integrity": "sha512-vnedYcd5p4keT3iD48oSKjOIRPYcjSNNbd8MO1bKo9ajg3GwQXZLAH+0Cvlr+eMsO67/HddWmscSQwTFrC/uPA==",
      "cpu": [
        "x64"
      ],
      "dev": true,
      "optional": true,
      "os": [
        "linux"
      ],
      "engines": {
        "node": ">=14.21.3"
      }
    },
    "node_modules/@biomejs/cli-linux-x64-musl": {
      "version": "1.7.3",
      "resolved": "https://registry.npmjs.org/@biomejs/cli-linux-x64-musl/-/cli-linux-x64-musl-1.7.3.tgz",
      "integrity": "sha512-UdEHKtYGWEX3eDmVWvQeT+z05T9/Sdt2+F/7zmMOFQ7boANeX8pcO6EkJPK3wxMudrApsNEKT26rzqK6sZRTRA==",
      "cpu": [
        "x64"
      ],
      "dev": true,
      "optional": true,
      "os": [
        "linux"
      ],
      "engines": {
        "node": ">=14.21.3"
      }
    },
    "node_modules/@biomejs/cli-win32-arm64": {
      "version": "1.7.3",
      "resolved": "https://registry.npmjs.org/@biomejs/cli-win32-arm64/-/cli-win32-arm64-1.7.3.tgz",
      "integrity": "sha512-unNCDqUKjujYkkSxs7gFIfdasttbDC4+z0kYmcqzRk6yWVoQBL4dNLcCbdnJS+qvVDNdI9rHp2NwpQ0WAdla4Q==",
      "cpu": [
        "arm64"
      ],
      "dev": true,
      "optional": true,
      "os": [
        "win32"
      ],
      "engines": {
        "node": ">=14.21.3"
      }
    },
    "node_modules/@biomejs/cli-win32-x64": {
      "version": "1.7.3",
      "resolved": "https://registry.npmjs.org/@biomejs/cli-win32-x64/-/cli-win32-x64-1.7.3.tgz",
      "integrity": "sha512-ZmByhbrnmz/UUFYB622CECwhKIPjJLLPr5zr3edhu04LzbfcOrz16VYeNq5dpO1ADG70FORhAJkaIGdaVBG00w==",
      "cpu": [
        "x64"
      ],
      "dev": true,
      "optional": true,
      "os": [
        "win32"
      ],
      "engines": {
        "node": ">=14.21.3"
      }
    },
    "node_modules/@deltachat/jsonrpc-client": {
      "version": "1.149.0",
      "resolved": "https://registry.npmjs.org/@deltachat/jsonrpc-client/-/jsonrpc-client-1.149.0.tgz",
      "integrity": "sha512-2Wk9EPVkgoVpe5T1/wxWXIZbi3KX0+J6DCooP3mDKQo9R5eEO49tGCJdufs4wbfyZnP+wJPk5Vf8fKvu8NjMiw==",
      "dependencies": {
        "@deltachat/tiny-emitter": "3.0.0",
        "isomorphic-ws": "^4.0.1",
        "yerpc": "^0.6.2"
      }
    },
    "node_modules/@deltachat/stdio-rpc-server": {
      "version": "1.149.0",
      "resolved": "https://registry.npmjs.org/@deltachat/stdio-rpc-server/-/stdio-rpc-server-1.149.0.tgz",
      "integrity": "sha512-smPa2QTrctIHiTVdkS5pEhuLW5tOItHoZXHueF9QDEtZiFLFyT5c+3Lr8p0XhobrdH/FJWsAfLMO6XJEqE4NFw==",
      "optionalDependencies": {
        "@deltachat/stdio-rpc-server-android-arm": "1.149.0",
        "@deltachat/stdio-rpc-server-android-arm64": "1.149.0",
        "@deltachat/stdio-rpc-server-darwin-arm64": "1.149.0",
        "@deltachat/stdio-rpc-server-darwin-x64": "1.149.0",
        "@deltachat/stdio-rpc-server-linux-arm": "1.149.0",
        "@deltachat/stdio-rpc-server-linux-arm64": "1.149.0",
        "@deltachat/stdio-rpc-server-linux-ia32": "1.149.0",
        "@deltachat/stdio-rpc-server-linux-x64": "1.149.0",
        "@deltachat/stdio-rpc-server-win32-ia32": "1.149.0",
        "@deltachat/stdio-rpc-server-win32-x64": "1.149.0"
      },
      "peerDependencies": {
        "@deltachat/jsonrpc-client": "*"
      }
    },
    "node_modules/@deltachat/stdio-rpc-server-android-arm": {
      "version": "1.149.0",
      "resolved": "https://registry.npmjs.org/@deltachat/stdio-rpc-server-android-arm/-/stdio-rpc-server-android-arm-1.149.0.tgz",
      "integrity": "sha512-Hgh2JPifPNuio6m0PsH4ivXHu+ZBlmyRy8N8bCNHZHXgfmHWe0X/sSexToM7TCZU+4ygLii7SrktJEHPiLxS5A==",
      "cpu": [
        "arm"
      ],
      "optional": true,
      "os": [
        "android"
      ]
    },
    "node_modules/@deltachat/stdio-rpc-server-android-arm64": {
      "version": "1.149.0",
      "resolved": "https://registry.npmjs.org/@deltachat/stdio-rpc-server-android-arm64/-/stdio-rpc-server-android-arm64-1.149.0.tgz",
      "integrity": "sha512-nkg1WT+QGxPe7W9KI4BuPl1sDl8/x4rgHuldk2ZZl6k0pKMzi1j+vc1UoacHGJBkjHOyJefUh83Rkmy4B29ASw==",
      "cpu": [
        "arm64"
      ],
      "optional": true,
      "os": [
        "android"
      ]
    },
    "node_modules/@deltachat/stdio-rpc-server-darwin-arm64": {
      "version": "1.149.0",
      "resolved": "https://registry.npmjs.org/@deltachat/stdio-rpc-server-darwin-arm64/-/stdio-rpc-server-darwin-arm64-1.149.0.tgz",
      "integrity": "sha512-xcihftAI5hBj6ssDzI5/2kkc2WBY5amdguH0TZE47kW/tpvYVpPmSGbivie83VkYXInhVSNU6QSr/TPnJkfM7g==",
      "cpu": [
        "arm64"
      ],
      "optional": true,
      "os": [
        "darwin"
      ]
    },
    "node_modules/@deltachat/stdio-rpc-server-darwin-x64": {
      "version": "1.149.0",
      "resolved": "https://registry.npmjs.org/@deltachat/stdio-rpc-server-darwin-x64/-/stdio-rpc-server-darwin-x64-1.149.0.tgz",
      "integrity": "sha512-jBacu57Ze7d6AKyxz5GeSjnJE2M4hRE2q3cDXdZe1AWnIbRrjsv8LC7EBtnc2/5qBKGMOrU2AILbsB29BJ+4jw==",
      "cpu": [
        "x64"
      ],
      "optional": true,
      "os": [
        "darwin"
      ]
    },
    "node_modules/@deltachat/stdio-rpc-server-linux-arm": {
      "version": "1.149.0",
      "resolved": "https://registry.npmjs.org/@deltachat/stdio-rpc-server-linux-arm/-/stdio-rpc-server-linux-arm-1.149.0.tgz",
      "integrity": "sha512-NG+11kt219pQhLVwnubJVgsM/7XjtuadhaiXqWbKdJqcs2EItIhDPDmhzUVTCJsu4zTIdMB4erbCPrcxu4Cvlw==",
      "cpu": [
        "arm"
      ],
      "optional": true,
      "os": [
        "linux"
      ]
    },
    "node_modules/@deltachat/stdio-rpc-server-linux-arm64": {
      "version": "1.149.0",
      "resolved": "https://registry.npmjs.org/@deltachat/stdio-rpc-server-linux-arm64/-/stdio-rpc-server-linux-arm64-1.149.0.tgz",
      "integrity": "sha512-R28LRgA2N6iqQdO6GJAVBJR+PsxIFTwN1FbyK4eKjUKrgBJ+aQNAzQpvdapHvTnjWFMjfCicfagtJmN0s4tAsQ==",
      "cpu": [
        "arm64"
      ],
      "optional": true,
      "os": [
        "linux"
      ]
    },
    "node_modules/@deltachat/stdio-rpc-server-linux-ia32": {
      "version": "1.149.0",
      "resolved": "https://registry.npmjs.org/@deltachat/stdio-rpc-server-linux-ia32/-/stdio-rpc-server-linux-ia32-1.149.0.tgz",
      "integrity": "sha512-sGbtVKMaSEg1Zb/uJzuJkwcqKdlYvzwBBC7Z8SYpB4GRbYjhVze25P0uOu00PR5LBj8fwIvn7albEEuO3BSHJQ==",
      "cpu": [
        "ia32"
      ],
      "optional": true,
      "os": [
        "linux"
      ]
    },
    "node_modules/@deltachat/stdio-rpc-server-linux-x64": {
      "version": "1.149.0",
      "resolved": "https://registry.npmjs.org/@deltachat/stdio-rpc-server-linux-x64/-/stdio-rpc-server-linux-x64-1.149.0.tgz",
      "integrity": "sha512-2r7xHlv7rcgkZlSBbyozyNkfs+A8Xz2kp6KyRw8gmgNu+2HRfn4wG1T616y2wj1jtDIyROpmM+HBnyqwLdWrsQ==",
      "cpu": [
        "x64"
      ],
      "optional": true,
      "os": [
        "linux"
      ]
    },
    "node_modules/@deltachat/stdio-rpc-server-win32-ia32": {
      "version": "1.149.0",
      "resolved": "https://registry.npmjs.org/@deltachat/stdio-rpc-server-win32-ia32/-/stdio-rpc-server-win32-ia32-1.149.0.tgz",
      "integrity": "sha512-GpvaKrvQJpNPOlGLApIqm4r493JQcQuhsfJAZMsSzW2rJEbqfAX9QKyIuoS0SF6V3YT3p8TmuCAKSdezROGogg==",
      "cpu": [
        "ia32"
      ],
      "optional": true,
      "os": [
        "win32"
      ]
    },
    "node_modules/@deltachat/stdio-rpc-server-win32-x64": {
      "version": "1.149.0",
      "resolved": "https://registry.npmjs.org/@deltachat/stdio-rpc-server-win32-x64/-/stdio-rpc-server-win32-x64-1.149.0.tgz",
      "integrity": "sha512-58FJkqEd7Pz0EhUn5YNefjeY7fL2nnIC/HWKN95N2uFw1VNFZVOnvbrHN6qjwba/iZGGBiPh5Ir24GKvhtK7Qw==",
      "cpu": [
        "x64"
      ],
      "optional": true,
      "os": [
        "win32"
      ]
    },
    "node_modules/@deltachat/tiny-emitter": {
      "version": "3.0.0",
      "resolved": "https://registry.npmjs.org/@deltachat/tiny-emitter/-/tiny-emitter-3.0.0.tgz",
      "integrity": "sha512-iapvwGCEWFjXtObQ/vNzXS0+M9hrZrY2tMdV7SaX8kHXKVm3oIuJUVmUj5jhABTL7GstO6uKzV+36FUZVGOqCA=="
    },
    "node_modules/@types/node": {
      "version": "22.9.0",
      "resolved": "https://registry.npmjs.org/@types/node/-/node-22.9.0.tgz",
      "integrity": "sha512-vuyHg81vvWA1Z1ELfvLko2c8f34gyA0zaic0+Rllc5lbCnbSyuvb2Oxpm6TAUAC/2xZN3QGqxBNggD1nNR2AfQ==",
      "dependencies": {
        "undici-types": "~6.19.8"
      }
    },
    "node_modules/@types/ws": {
      "version": "8.5.13",
      "resolved": "https://registry.npmjs.org/@types/ws/-/ws-8.5.13.tgz",
      "integrity": "sha512-osM/gWBTPKgHV8XkTunnegTRIsvF6owmf5w+JtAfOw472dptdm0dlGv4xCt6GwQRcC2XVOvvRE/0bAoQcL2QkA==",
      "dependencies": {
        "@types/node": "*"
      }
    },
    "node_modules/isomorphic-ws": {
      "version": "4.0.1",
      "resolved": "https://registry.npmjs.org/isomorphic-ws/-/isomorphic-ws-4.0.1.tgz",
      "integrity": "sha512-BhBvN2MBpWTaSHdWRb/bwdZJ1WaehQ2L1KngkCkfLUGF0mAWAT1sQUQacEmQ0jXkFw/czDXPNQSL5u2/Krsz1w==",
      "peerDependencies": {
        "ws": "*"
      }
    },
    "node_modules/nan": {
      "version": "2.19.0",
      "resolved": "https://registry.npmjs.org/nan/-/nan-2.19.0.tgz",
      "integrity": "sha512-nO1xXxfh/RWNxfd/XPfbIfFk5vgLsAxUR9y5O0cHMJu/AW9U95JLXqthYHjEp+8gQ5p96K9jUp8nbVOxCdRbtw=="
    },
    "node_modules/node-pty": {
      "version": "1.0.0",
      "resolved": "https://registry.npmjs.org/node-pty/-/node-pty-1.0.0.tgz",
      "integrity": "sha512-wtBMWWS7dFZm/VgqElrTvtfMq4GzJ6+edFI0Y0zyzygUSZMgZdraDUMUhCIvkjhJjme15qWmbyJbtAx4ot4uZA==",
      "hasInstallScript": true,
      "dependencies": {
        "nan": "^2.17.0"
      }
    },
    "node_modules/typescript": {
      "version": "4.9.5",
      "resolved": "https://registry.npmjs.org/typescript/-/typescript-4.9.5.tgz",
      "integrity": "sha512-1FXk9E2Hm+QzZQ7z+McJiHL4NW1F2EzMu9Nq9i3zAaGqibafqYwCVU6WyWAuyQRRzOlxou8xZSyXLEN8oKj24g==",
      "bin": {
        "tsc": "bin/tsc",
        "tsserver": "bin/tsserver"
      },
      "engines": {
        "node": ">=4.2.0"
      }
    },
    "node_modules/undici-types": {
      "version": "6.19.8",
      "resolved": "https://registry.npmjs.org/undici-types/-/undici-types-6.19.8.tgz",
      "integrity": "sha512-ve2KP6f/JnbPBFyobGHuerC9g1FYGn/F8n1LWTwNxCEzd6IfqTwUQcNXgEtmmQ6DlRrC1hrSrBnCZPokRrDHjw=="
    },
    "node_modules/ws": {
      "version": "8.18.0",
      "resolved": "https://registry.npmjs.org/ws/-/ws-8.18.0.tgz",
      "integrity": "sha512-8VbfWfHLbbwu3+N6OKsOMpBdT4kXPDDB9cJk2bJ6mh9ucxdlnNvH1e+roYkKmN9Nxw2yjz7VzeO9oOz2zJ04Pw==",
      "engines": {
        "node": ">=10.0.0"
      },
      "peerDependencies": {
        "bufferutil": "^4.0.1",
        "utf-8-validate": ">=5.0.2"
      },
      "peerDependenciesMeta": {
        "bufferutil": {
          "optional": true
        },
        "utf-8-validate": {
          "optional": true
        }
      }
    },
    "node_modules/yerpc": {
      "version": "0.6.2",
      "resolved": "https://registry.npmjs.org/yerpc/-/yerpc-0.6.2.tgz",
      "integrity": "sha512-w+lggouyGD7Tq/BVrxB2LWBNiNexpM2Nx4x8cHx31EGcHAl+sUlmFodDJaw5M/QkCbQcLPUyP46ei8tpfWnSDg==",
      "dependencies": {
        "@types/ws": "^8.2.2",
        "isomorphic-ws": "^4.0.1",
        "typescript": "^4.6.3"
      },
      "optionalDependencies": {
        "ws": "^8.5.0"
      }
    }
  }
}
